
Microsoft Visual Studio Solution File, Format Version 12.00
# Visual Studio 15
VisualStudioVersion = 15.0.27703.2000
MinimumVisualStudioVersion = 10.0.40219.1
Project("{FAE04EC0-301F-11D3-BF4B-00C04F79EFBC}") = "Andesite", "Andesite\Andesite.csproj", "{228A8D42-44FA-46DF-9325-5429E43E6389}"
	ProjectSection(ProjectDependencies) = postProject
		{F5136B90-7F7D-4FB8-AB22-7EC548B1AD87} = {F5136B90-7F7D-4FB8-AB22-7EC548B1AD87}
	EndProjectSection
EndProject
Project("{8BC9CEB8-8B4A-11D0-8D11-00A0C91BC942}") = "Mafic", "Mafic\Mafic.vcxproj", "{F5136B90-7F7D-4FB8-AB22-7EC548B1AD87}"
	ProjectSection(ProjectDependencies) = postProject
		{221F8A31-EF73-4271-9D13-1DBA5EDCFD50} = {221F8A31-EF73-4271-9D13-1DBA5EDCFD50}
		{AB472F49-8CD2-439C-94F0-04E4E36A8277} = {AB472F49-8CD2-439C-94F0-04E4E36A8277}
	EndProjectSection
EndProject
Project("{8BC9CEB8-8B4A-11D0-8D11-00A0C91BC942}") = "Basalt", "Basalt\Basalt.vcxproj", "{221F8A31-EF73-4271-9D13-1DBA5EDCFD50}"
EndProject
Project("{8BC9CEB8-8B4A-11D0-8D11-00A0C91BC942}") = "Chert", "Chert\Chert.vcxproj", "{AB472F49-8CD2-439C-94F0-04E4E36A8277}"
EndProject
Global
	GlobalSection(SolutionConfigurationPlatforms) = preSolution
		Debug|Any CPU = Debug|Any CPU
		Debug|x64 = Debug|x64
		Debug|x86 = Debug|x86
		Release|Any CPU = Release|Any CPU
		Release|x64 = Release|x64
		Release|x86 = Release|x86
	EndGlobalSection
	GlobalSection(ProjectConfigurationPlatforms) = postSolution
		{228A8D42-44FA-46DF-9325-5429E43E6389}.Debug|Any CPU.ActiveCfg = Debug|Any CPU
		{228A8D42-44FA-46DF-9325-5429E43E6389}.Debug|Any CPU.Build.0 = Debug|Any CPU
		{228A8D42-44FA-46DF-9325-5429E43E6389}.Debug|x64.ActiveCfg = Debug|Any CPU
		{228A8D42-44FA-46DF-9325-5429E43E6389}.Debug|x64.Build.0 = Debug|Any CPU
		{228A8D42-44FA-46DF-9325-5429E43E6389}.Debug|x86.ActiveCfg = Debug|Any CPU
		{228A8D42-44FA-46DF-9325-5429E43E6389}.Debug|x86.Build.0 = Debug|Any CPU
		{228A8D42-44FA-46DF-9325-5429E43E6389}.Release|Any CPU.ActiveCfg = Release|Any CPU
		{228A8D42-44FA-46DF-9325-5429E43E6389}.Release|Any CPU.Build.0 = Release|Any CPU
		{228A8D42-44FA-46DF-9325-5429E43E6389}.Release|x64.ActiveCfg = Release|Any CPU
		{228A8D42-44FA-46DF-9325-5429E43E6389}.Release|x64.Build.0 = Release|Any CPU
		{228A8D42-44FA-46DF-9325-5429E43E6389}.Release|x86.ActiveCfg = Release|Any CPU
		{228A8D42-44FA-46DF-9325-5429E43E6389}.Release|x86.Build.0 = Release|Any CPU
		{F5136B90-7F7D-4FB8-AB22-7EC548B1AD87}.Debug|Any CPU.ActiveCfg = Debug|Win32
		{F5136B90-7F7D-4FB8-AB22-7EC548B1AD87}.Debug|x64.ActiveCfg = Debug|x64
		{F5136B90-7F7D-4FB8-AB22-7EC548B1AD87}.Debug|x64.Build.0 = Debug|x64
		{F5136B90-7F7D-4FB8-AB22-7EC548B1AD87}.Debug|x86.ActiveCfg = Debug|Win32
		{F5136B90-7F7D-4FB8-AB22-7EC548B1AD87}.Debug|x86.Build.0 = Debug|Win32
		{F5136B90-7F7D-4FB8-AB22-7EC548B1AD87}.Release|Any CPU.ActiveCfg = Release|Win32
		{F5136B90-7F7D-4FB8-AB22-7EC548B1AD87}.Release|x64.ActiveCfg = Release|x64
		{F5136B90-7F7D-4FB8-AB22-7EC548B1AD87}.Release|x64.Build.0 = Release|x64
		{F5136B90-7F7D-4FB8-AB22-7EC548B1AD87}.Release|x86.ActiveCfg = Release|Win32
		{F5136B90-7F7D-4FB8-AB22-7EC548B1AD87}.Release|x86.Build.0 = Release|Win32
		{221F8A31-EF73-4271-9D13-1DBA5EDCFD50}.Debug|Any CPU.ActiveCfg = Debug|Win32
		{221F8A31-EF73-4271-9D13-1DBA5EDCFD50}.Debug|x64.ActiveCfg = Debug|x64
		{221F8A31-EF73-4271-9D13-1DBA5EDCFD50}.Debug|x64.Build.0 = Debug|x64
		{221F8A31-EF73-4271-9D13-1DBA5EDCFD50}.Debug|x86.ActiveCfg = Debug|Win32
		{221F8A31-EF73-4271-9D13-1DBA5EDCFD50}.Debug|x86.Build.0 = Debug|Win32
		{221F8A31-EF73-4271-9D13-1DBA5EDCFD50}.Release|Any CPU.ActiveCfg = Release|Win32
		{221F8A31-EF73-4271-9D13-1DBA5EDCFD50}.Release|x64.ActiveCfg = Release|x64
		{221F8A31-EF73-4271-9D13-1DBA5EDCFD50}.Release|x64.Build.0 = Release|x64
		{221F8A31-EF73-4271-9D13-1DBA5EDCFD50}.Release|x86.ActiveCfg = Release|Win32
		{221F8A31-EF73-4271-9D13-1DBA5EDCFD50}.Release|x86.Build.0 = Release|Win32
		{AB472F49-8CD2-439C-94F0-04E4E36A8277}.Debug|Any CPU.ActiveCfg = Debug|Win32
		{AB472F49-8CD2-439C-94F0-04E4E36A8277}.Debug|x64.ActiveCfg = Debug|x64
		{AB472F49-8CD2-439C-94F0-04E4E36A8277}.Debug|x64.Build.0 = Debug|x64
		{AB472F49-8CD2-439C-94F0-04E4E36A8277}.Debug|x86.ActiveCfg = Debug|Win32
		{AB472F49-8CD2-439C-94F0-04E4E36A8277}.Debug|x86.Build.0 = Debug|Win32
		{AB472F49-8CD2-439C-94F0-04E4E36A8277}.Release|Any CPU.ActiveCfg = Release|Win32
		{AB472F49-8CD2-439C-94F0-04E4E36A8277}.Release|x64.ActiveCfg = Release|x64
		{AB472F49-8CD2-439C-94F0-04E4E36A8277}.Release|x64.Build.0 = Release|x64
		{AB472F49-8CD2-439C-94F0-04E4E36A8277}.Release|x86.ActiveCfg = Release|Win32
		{AB472F49-8CD2-439C-94F0-04E4E36A8277}.Release|x86.Build.0 = Release|Win32
	EndGlobalSection
	GlobalSection(SolutionProperties) = preSolution
		HideSolutionNode = FALSE
	EndGlobalSection
	GlobalSection(ExtensibilityGlobals) = postSolution
		SolutionGuid = {F1F8E07A-28B8-4B6E-B25B-740E02EA63E5}
	EndGlobalSection
EndGlobal
